
Microsoft Visual Studio Solution File, Format Version 12.00
# Visual Studio 15
VisualStudioVersion = 15.0.28307.539
MinimumVisualStudioVersion = 10.0.40219.1
Project("{8BC9CEB8-8B4A-11D0-8D11-00A0C91BC942}") = "ConsoleApplication5", "ConsoleApplication5\ConsoleApplication5.vcxproj", "{88385C8C-7B2D-4906-B0CD-1C33BFC23BB8}"
EndProject
Global
	GlobalSection(SolutionConfigurationPlatforms) = preSolution
		Debug|x64 = Debug|x64
		Debug|x86 = Debug|x86
		Release|x64 = Release|x64
		Release|x86 = Release|x86
	EndGlobalSection
	GlobalSection(ProjectConfigurationPlatforms) = postSolution
		{88385C8C-7B2D-4906-B0CD-1C33BFC23BB8}.Debug|x64.ActiveCfg = Debug|x64
		{88385C8C-7B2D-4906-B0CD-1C33BFC23BB8}.Debug|x64.Build.0 = Debug|x64
		{88385C8C-7B2D-4906-B0CD-1C33BFC23BB8}.Debug|x86.ActiveCfg = Debug|Win32
		{88385C8C-7B2D-4906-B0CD-1C33BFC23BB8}.Debug|x86.Build.0 = Debug|Win32
		{88385C8C-7B2D-4906-B0CD-1C33BFC23BB8}.Release|x64.ActiveCfg = Release|x64
		{88385C8C-7B2D-4906-B0CD-1C33BFC23BB8}.Release|x64.Build.0 = Release|x64
		{88385C8C-7B2D-4906-B0CD-1C33BFC23BB8}.Release|x86.ActiveCfg = Release|Win32
		{88385C8C-7B2D-4906-B0CD-1C33BFC23BB8}.Release|x86.Build.0 = Release|Win32
	EndGlobalSection
	GlobalSection(SolutionProperties) = preSolution
		HideSolutionNode = FALSE
	EndGlobalSection
	GlobalSection(ExtensibilityGlobals) = postSolution
		SolutionGuid = {90D29BA3-872D-41E5-BE23-26DFC4333E7D}
	EndGlobalSection
EndGlobal
