
Microsoft Visual Studio Solution File, Format Version 12.00
# Visual Studio 15
VisualStudioVersion = 15.0.28307.539
MinimumVisualStudioVersion = 10.0.40219.1
Project("{8BC9CEB8-8B4A-11D0-8D11-00A0C91BC942}") = "ConsoleApplication3", "ConsoleApplication3\ConsoleApplication3.vcxproj", "{39E4E2AF-39D9-4CA0-B2CB-C6B4084C93D7}"
EndProject
Global
	GlobalSection(SolutionConfigurationPlatforms) = preSolution
		Debug|x64 = Debug|x64
		Debug|x86 = Debug|x86
		Release|x64 = Release|x64
		Release|x86 = Release|x86
	EndGlobalSection
	GlobalSection(ProjectConfigurationPlatforms) = postSolution
		{39E4E2AF-39D9-4CA0-B2CB-C6B4084C93D7}.Debug|x64.ActiveCfg = Debug|x64
		{39E4E2AF-39D9-4CA0-B2CB-C6B4084C93D7}.Debug|x64.Build.0 = Debug|x64
		{39E4E2AF-39D9-4CA0-B2CB-C6B4084C93D7}.Debug|x86.ActiveCfg = Debug|Win32
		{39E4E2AF-39D9-4CA0-B2CB-C6B4084C93D7}.Debug|x86.Build.0 = Debug|Win32
		{39E4E2AF-39D9-4CA0-B2CB-C6B4084C93D7}.Release|x64.ActiveCfg = Release|x64
		{39E4E2AF-39D9-4CA0-B2CB-C6B4084C93D7}.Release|x64.Build.0 = Release|x64
		{39E4E2AF-39D9-4CA0-B2CB-C6B4084C93D7}.Release|x86.ActiveCfg = Release|Win32
		{39E4E2AF-39D9-4CA0-B2CB-C6B4084C93D7}.Release|x86.Build.0 = Release|Win32
	EndGlobalSection
	GlobalSection(SolutionProperties) = preSolution
		HideSolutionNode = FALSE
	EndGlobalSection
	GlobalSection(ExtensibilityGlobals) = postSolution
		SolutionGuid = {FA314055-076C-4F55-A723-A53A0B3751FD}
	EndGlobalSection
EndGlobal
